
Microsoft Visual Studio Solution File, Format Version 12.00
# Visual Studio Version 16
VisualStudioVersion = 16.0.30104.148
MinimumVisualStudioVersion = 10.0.40219.1
Project("{FAE04EC0-301F-11D3-BF4B-00C04F79EFBC}") = "VoxelGeometry", "VoxelGeometry\VoxelGeometry.csproj", "{58E945DA-0909-4F25-890E-3FABEA67FDC9}"
EndProject
Project("{FAE04EC0-301F-11D3-BF4B-00C04F79EFBC}") = "VoxelTools", "VoxelTools\VoxelTools.csproj", "{F4684117-6C67-4703-A26B-7BF9D533832B}"
EndProject
Global
	GlobalSection(SolutionConfigurationPlatforms) = preSolution
		Debug|Any CPU = Debug|Any CPU
		Release|Any CPU = Release|Any CPU
	EndGlobalSection
	GlobalSection(ProjectConfigurationPlatforms) = postSolution
		{58E945DA-0909-4F25-890E-3FABEA67FDC9}.Debug|Any CPU.ActiveCfg = Debug|Any CPU
		{58E945DA-0909-4F25-890E-3FABEA67FDC9}.Debug|Any CPU.Build.0 = Debug|Any CPU
		{58E945DA-0909-4F25-890E-3FABEA67FDC9}.Release|Any CPU.ActiveCfg = Release|Any CPU
		{58E945DA-0909-4F25-890E-3FABEA67FDC9}.Release|Any CPU.Build.0 = Release|Any CPU
		{F4684117-6C67-4703-A26B-7BF9D533832B}.Debug|Any CPU.ActiveCfg = Debug|Any CPU
		{F4684117-6C67-4703-A26B-7BF9D533832B}.Debug|Any CPU.Build.0 = Debug|Any CPU
		{F4684117-6C67-4703-A26B-7BF9D533832B}.Release|Any CPU.ActiveCfg = Release|Any CPU
		{F4684117-6C67-4703-A26B-7BF9D533832B}.Release|Any CPU.Build.0 = Release|Any CPU
	EndGlobalSection
	GlobalSection(SolutionProperties) = preSolution
		HideSolutionNode = FALSE
	EndGlobalSection
	GlobalSection(ExtensibilityGlobals) = postSolution
		SolutionGuid = {CC5022B5-5BCC-4321-9A85-2F17E30FEAAE}
	EndGlobalSection
EndGlobal
